
Microsoft Visual Studio Solution File, Format Version 12.00
# Visual Studio Version 17
VisualStudioVersion = 17.9.34714.143
MinimumVisualStudioVersion = 10.0.40219.1
Project("{FAE04EC0-301F-11D3-BF4B-00C04F79EFBC}") = "LojaRoupas", "LojaRoupas.csproj", "{40B8059A-E7BD-488D-BE3C-019DAE8B1015}"
EndProject
Global
	GlobalSection(SolutionConfigurationPlatforms) = preSolution
		Debug|Any CPU = Debug|Any CPU
		Release|Any CPU = Release|Any CPU
	EndGlobalSection
	GlobalSection(ProjectConfigurationPlatforms) = postSolution
		{40B8059A-E7BD-488D-BE3C-019DAE8B1015}.Debug|Any CPU.ActiveCfg = Debug|Any CPU
		{40B8059A-E7BD-488D-BE3C-019DAE8B1015}.Debug|Any CPU.Build.0 = Debug|Any CPU
		{40B8059A-E7BD-488D-BE3C-019DAE8B1015}.Release|Any CPU.ActiveCfg = Release|Any CPU
		{40B8059A-E7BD-488D-BE3C-019DAE8B1015}.Release|Any CPU.Build.0 = Release|Any CPU
	EndGlobalSection
	GlobalSection(SolutionProperties) = preSolution
		HideSolutionNode = FALSE
	EndGlobalSection
	GlobalSection(ExtensibilityGlobals) = postSolution
		SolutionGuid = {67C67361-5A1C-4CD4-A04D-5B8B3D1C6905}
	EndGlobalSection
EndGlobal
